<?xml version="1.0" encoding="utf-8"?>
<Project ToolsVersion="4.0" xmlns="http://schemas.microsoft.com/developer/msbuild/2003">
  <ItemGroup>
    <Filter Include="Source Files">
      <UniqueIdentifier>{4FC737F1-C7A5-4376-A066-2A32D752A2FF}</UniqueIdentifier>
      <Extensions>cpp;c;cc;cxx;c++;cppm;ixx;def;odl;idl;hpj;bat;asm;asmx</Extensions>
    </Filter>
    <Filter Include="Header Files">
      <UniqueIdentifier>{93995380-89BD-4b04-88EB-625FBE52EBFB}</UniqueIdentifier>
      <Extensions>h;hh;hpp;hxx;h++;hm;inl;inc;ipp;xsd</Extensions>
    </Filter>
    <Filter Include="Resource Files">
      <UniqueIdentifier>{67DA6AB6-F800-4c08-8B7A-83BB121AAD01}</UniqueIdentifier>
      <Extensions>rc;ico;cur;bmp;dlg;rc2;rct;bin;rgs;gif;jpg;jpeg;jpe;resx;tiff;tif;png;wav;mfcribbon-ms</Extensions>
    </Filter>
  </ItemGroup>
  <ItemGroup>
    <ClCompile Include="src\main.cpp">
      <Filter>Source Files</Filter>
    </ClCompile>
    <ClCompile Include="src\Button.cpp">
      <Filter>Source Files</Filter>
    </ClCompile>
    <ClCompile Include="src\InputField.cpp">
      <Filter>Source Files</Filter>
    </ClCompile>
    <ClCompile Include="Gui\Layouts\FormLayout.cpp">
      <Filter>Source Files</Filter>
    </ClCompile>
    <ClCompile Include="Gui\Layouts\HBoxLayout.cpp">
      <Filter>Source Files</Filter>
    </ClCompile>
    <ClCompile Include="Gui\Layouts\Layout.cpp">
      <Filter>Source Files</Filter>
    </ClCompile>
    <ClCompile Include="Gui\Layouts\VBoxLayout.cpp">
      <Filter>Source Files</Filter>
    </ClCompile>
    <ClCompile Include="Gui\Utils\Arrow.cpp">
      <Filter>Source Files</Filter>
    </ClCompile>
    <ClCompile Include="Gui\Utils\Box.cpp">
      <Filter>Source Files</Filter>
    </ClCompile>
    <ClCompile Include="Gui\Utils\Cross.cpp">
      <Filter>Source Files</Filter>
    </ClCompile>
    <ClCompile Include="Gui\Button.cpp">
      <Filter>Source Files</Filter>
    </ClCompile>
    <ClCompile Include="Gui\CheckBox.cpp">
      <Filter>Source Files</Filter>
    </ClCompile>
    <ClCompile Include="Gui\Image.cpp">
      <Filter>Source Files</Filter>
    </ClCompile>
    <ClCompile Include="Gui\Label.cpp">
      <Filter>Source Files</Filter>
    </ClCompile>
    <ClCompile Include="Gui\Menu.cpp">
      <Filter>Source Files</Filter>
    </ClCompile>
    <ClCompile Include="Gui\ProgressBar.cpp">
      <Filter>Source Files</Filter>
    </ClCompile>
    <ClCompile Include="Gui\Slider.cpp">
      <Filter>Source Files</Filter>
    </ClCompile>
    <ClCompile Include="Gui\SpriteButton.cpp">
      <Filter>Source Files</Filter>
    </ClCompile>
    <ClCompile Include="Gui\TextBox.cpp">
      <Filter>Source Files</Filter>
    </ClCompile>
    <ClCompile Include="Gui\Theme.cpp">
      <Filter>Source Files</Filter>
    </ClCompile>
    <ClCompile Include="Gui\Widget.cpp">
      <Filter>Source Files</Filter>
    </ClCompile>
  </ItemGroup>
  <ItemGroup>
    <ClInclude Include="include\Button.hpp">
      <Filter>Header Files</Filter>
    </ClInclude>
    <ClInclude Include="resource.h">
      <Filter>Header Files</Filter>
    </ClInclude>
    <ClInclude Include="include\InputField.hpp">
      <Filter>Header Files</Filter>
    </ClInclude>
    <ClInclude Include="Gui\Enums\Enums.hpp">
      <Filter>Header Files</Filter>
    </ClInclude>
    <ClInclude Include="Gui\Layouts\FormLayout.hpp">
      <Filter>Header Files</Filter>
    </ClInclude>
    <ClInclude Include="Gui\Layouts\HBoxLayout.hpp">
      <Filter>Header Files</Filter>
    </ClInclude>
    <ClInclude Include="Gui\Layouts\Layout.hpp">
      <Filter>Header Files</Filter>
    </ClInclude>
    <ClInclude Include="Gui\Layouts\VBoxLayout.hpp">
      <Filter>Header Files</Filter>
    </ClInclude>
    <ClInclude Include="Gui\Utils\Arrow.hpp">
      <Filter>Header Files</Filter>
    </ClInclude>
    <ClInclude Include="Gui\Utils\Box.hpp">
      <Filter>Header Files</Filter>
    </ClInclude>
    <ClInclude Include="Gui\Utils\Cross.hpp">
      <Filter>Header Files</Filter>
    </ClInclude>
    <ClInclude Include="Gui\Utils\ItemBox.hpp">
      <Filter>Header Files</Filter>
    </ClInclude>
    <ClInclude Include="Gui\Button.hpp">
      <Filter>Header Files</Filter>
    </ClInclude>
    <ClInclude Include="Gui\CheckBox.hpp">
      <Filter>Header Files</Filter>
    </ClInclude>
    <ClInclude Include="Gui\ComboBox.hpp">
      <Filter>Header Files</Filter>
    </ClInclude>
    <ClInclude Include="Gui\Gui.hpp">
      <Filter>Header Files</Filter>
    </ClInclude>
    <ClInclude Include="Gui\Image.hpp">
      <Filter>Header Files</Filter>
    </ClInclude>
    <ClInclude Include="Gui\Label.hpp">
      <Filter>Header Files</Filter>
    </ClInclude>
    <ClInclude Include="Gui\Menu.hpp">
      <Filter>Header Files</Filter>
    </ClInclude>
    <ClInclude Include="Gui\OptionsBox.hpp">
      <Filter>Header Files</Filter>
    </ClInclude>
    <ClInclude Include="Gui\ProgressBar.hpp">
      <Filter>Header Files</Filter>
    </ClInclude>
    <ClInclude Include="Gui\Slider.hpp">
      <Filter>Header Files</Filter>
    </ClInclude>
    <ClInclude Include="Gui\SpriteButton.hpp">
      <Filter>Header Files</Filter>
    </ClInclude>
    <ClInclude Include="Gui\TextBox.hpp">
      <Filter>Header Files</Filter>
    </ClInclude>
    <ClInclude Include="Gui\Theme.hpp">
      <Filter>Header Files</Filter>
    </ClInclude>
    <ClInclude Include="Gui\Widget.hpp">
      <Filter>Header Files</Filter>
    </ClInclude>
    <ClInclude Include="TGUI\Backends\SDL\BackendFontSDL.hpp">
      <Filter>Header Files</Filter>
    </ClInclude>
    <ClInclude Include="TGUI\Backends\SDL\BackendRenderTargetSDL.hpp">
      <Filter>Header Files</Filter>
    </ClInclude>
    <ClInclude Include="TGUI\Backends\SDL\BackendSDL.hpp">
      <Filter>Header Files</Filter>
    </ClInclude>
    <ClInclude Include="TGUI\Backends\SDL\BackendTextSDL.hpp">
      <Filter>Header Files</Filter>
    </ClInclude>
    <ClInclude Include="TGUI\Backends\SDL\BackendTextureSDL.hpp">
      <Filter>Header Files</Filter>
    </ClInclude>
    <ClInclude Include="TGUI\Backends\SDL\FontCacheSDL.hpp">
      <Filter>Header Files</Filter>
    </ClInclude>
    <ClInclude Include="TGUI\Backends\SDL\GuiSDL.hpp">
      <Filter>Header Files</Filter>
    </ClInclude>
    <ClInclude Include="TGUI\Backends\SFML\BackendFontSFML.hpp">
      <Filter>Header Files</Filter>
    </ClInclude>
    <ClInclude Include="TGUI\Backends\SFML\BackendRenderTargetSFML.hpp">
      <Filter>Header Files</Filter>
    </ClInclude>
    <ClInclude Include="TGUI\Backends\SFML\BackendSFML.hpp">
      <Filter>Header Files</Filter>
    </ClInclude>
    <ClInclude Include="TGUI\Backends\SFML\BackendTextSFML.hpp">
      <Filter>Header Files</Filter>
    </ClInclude>
    <ClInclude Include="TGUI\Backends\SFML\BackendTextureSFML.hpp">
      <Filter>Header Files</Filter>
    </ClInclude>
    <ClInclude Include="TGUI\Backends\SFML\GuiSFML.hpp">
      <Filter>Header Files</Filter>
    </ClInclude>
    <ClInclude Include="TGUI\Backends\SDL.hpp">
      <Filter>Header Files</Filter>
    </ClInclude>
    <ClInclude Include="TGUI\Backends\SFML.hpp">
      <Filter>Header Files</Filter>
    </ClInclude>
    <ClInclude Include="TGUI\extlibs\Aurora\Dispatch\DispatchTraits.hpp">
      <Filter>Header Files</Filter>
    </ClInclude>
    <ClInclude Include="TGUI\extlibs\Aurora\Dispatch\DoubleDispatcher.hpp">
      <Filter>Header Files</Filter>
    </ClInclude>
    <ClInclude Include="TGUI\extlibs\Aurora\Dispatch\SingleDispatcher.hpp">
      <Filter>Header Files</Filter>
    </ClInclude>
    <ClInclude Include="TGUI\extlibs\Aurora\Meta\Preprocessor.hpp">
      <Filter>Header Files</Filter>
    </ClInclude>
    <ClInclude Include="TGUI\extlibs\Aurora\Meta\Templates.hpp">
      <Filter>Header Files</Filter>
    </ClInclude>
    <ClInclude Include="TGUI\extlibs\Aurora\Meta\Tuple.hpp">
      <Filter>Header Files</Filter>
    </ClInclude>
    <ClInclude Include="TGUI\extlibs\Aurora\Meta\Variadic.hpp">
      <Filter>Header Files</Filter>
    </ClInclude>
    <ClInclude Include="TGUI\extlibs\Aurora\SmartPtr\Detail\Factories.hpp">
      <Filter>Header Files</Filter>
    </ClInclude>
    <ClInclude Include="TGUI\extlibs\Aurora\SmartPtr\Detail\PtrOwner.hpp">
      <Filter>Header Files</Filter>
    </ClInclude>
    <ClInclude Include="TGUI\extlibs\Aurora\SmartPtr\ClonersAndDeleters.hpp">
      <Filter>Header Files</Filter>
    </ClInclude>
    <ClInclude Include="TGUI\extlibs\Aurora\SmartPtr\CopiedPtr.hpp">
      <Filter>Header Files</Filter>
    </ClInclude>
    <ClInclude Include="TGUI\extlibs\Aurora\SmartPtr\MakeUnique.hpp">
      <Filter>Header Files</Filter>
    </ClInclude>
    <ClInclude Include="TGUI\extlibs\Aurora\Tools\Algorithms.hpp">
      <Filter>Header Files</Filter>
    </ClInclude>
    <ClInclude Include="TGUI\extlibs\Aurora\Tools\Any.hpp">
      <Filter>Header Files</Filter>
    </ClInclude>
    <ClInclude Include="TGUI\extlibs\Aurora\Tools\Downcast.hpp">
      <Filter>Header Files</Filter>
    </ClInclude>
    <ClInclude Include="TGUI\extlibs\Aurora\Tools\Exceptions.hpp">
      <Filter>Header Files</Filter>
    </ClInclude>
    <ClInclude Include="TGUI\extlibs\Aurora\Tools\ForEach.hpp">
      <Filter>Header Files</Filter>
    </ClInclude>
    <ClInclude Include="TGUI\extlibs\Aurora\Tools\Hash.hpp">
      <Filter>Header Files</Filter>
    </ClInclude>
    <ClInclude Include="TGUI\extlibs\Aurora\Tools\NamedTuple.hpp">
      <Filter>Header Files</Filter>
    </ClInclude>
    <ClInclude Include="TGUI\extlibs\Aurora\Tools\NonCopyable.hpp">
      <Filter>Header Files</Filter>
    </ClInclude>
    <ClInclude Include="TGUI\extlibs\Aurora\Tools\Optional.hpp">
      <Filter>Header Files</Filter>
    </ClInclude>
    <ClInclude Include="TGUI\extlibs\Aurora\Tools\PImpl.hpp">
      <Filter>Header Files</Filter>
    </ClInclude>
    <ClInclude Include="TGUI\extlibs\Aurora\Tools\SafeBool.hpp">
      <Filter>Header Files</Filter>
    </ClInclude>
    <ClInclude Include="TGUI\extlibs\Aurora\Tools\Swap.hpp">
      <Filter>Header Files</Filter>
    </ClInclude>
    <ClInclude Include="TGUI\extlibs\Aurora\Tools\Typeid.hpp">
      <Filter>Header Files</Filter>
    </ClInclude>
    <ClInclude Include="TGUI\extlibs\Aurora\Config.hpp">
      <Filter>Header Files</Filter>
    </ClInclude>
    <ClInclude Include="TGUI\extlibs\Aurora\Dispatch.hpp">
      <Filter>Header Files</Filter>
    </ClInclude>
    <ClInclude Include="TGUI\extlibs\Aurora\Meta.hpp">
      <Filter>Header Files</Filter>
    </ClInclude>
    <ClInclude Include="TGUI\extlibs\Aurora\SmartPtr.hpp">
      <Filter>Header Files</Filter>
    </ClInclude>
    <ClInclude Include="TGUI\extlibs\Aurora\Tools.hpp">
      <Filter>Header Files</Filter>
    </ClInclude>
    <ClInclude Include="TGUI\extlibs\glad\gl.h">
      <Filter>Header Files</Filter>
    </ClInclude>
    <ClInclude Include="TGUI\extlibs\glad\gles2.h">
      <Filter>Header Files</Filter>
    </ClInclude>
    <ClInclude Include="TGUI\extlibs\nanosvg\nanosvg.h">
      <Filter>Header Files</Filter>
    </ClInclude>
    <ClInclude Include="TGUI\extlibs\nanosvg\nanosvgrast.h">
      <Filter>Header Files</Filter>
    </ClInclude>
    <ClInclude Include="TGUI\extlibs\stb\stb_image.h">
      <Filter>Header Files</Filter>
    </ClInclude>
    <ClInclude Include="TGUI\Loading\DataIO.hpp">
      <Filter>Header Files</Filter>
    </ClInclude>
    <ClInclude Include="TGUI\Loading\Deserializer.hpp">
      <Filter>Header Files</Filter>
    </ClInclude>
    <ClInclude Include="TGUI\Loading\ImageLoader.hpp">
      <Filter>Header Files</Filter>
    </ClInclude>
    <ClInclude Include="TGUI\Loading\Serializer.hpp">
      <Filter>Header Files</Filter>
    </ClInclude>
    <ClInclude Include="TGUI\Loading\Theme.hpp">
      <Filter>Header Files</Filter>
    </ClInclude>
    <ClInclude Include="TGUI\Loading\ThemeLoader.hpp">
      <Filter>Header Files</Filter>
    </ClInclude>
    <ClInclude Include="TGUI\Loading\WidgetFactory.hpp">
      <Filter>Header Files</Filter>
    </ClInclude>
    <ClInclude Include="TGUI\Renderers\BoxLayoutRenderer.hpp">
      <Filter>Header Files</Filter>
    </ClInclude>
    <ClInclude Include="TGUI\Renderers\ButtonRenderer.hpp">
      <Filter>Header Files</Filter>
    </ClInclude>
    <ClInclude Include="TGUI\Renderers\ChatBoxRenderer.hpp">
      <Filter>Header Files</Filter>
    </ClInclude>
    <ClInclude Include="TGUI\Renderers\CheckBoxRenderer.hpp">
      <Filter>Header Files</Filter>
    </ClInclude>
    <ClInclude Include="TGUI\Renderers\ChildWindowRenderer.hpp">
      <Filter>Header Files</Filter>
    </ClInclude>
    <ClInclude Include="TGUI\Renderers\ColorPickerRenderer.hpp">
      <Filter>Header Files</Filter>
    </ClInclude>
    <ClInclude Include="TGUI\Renderers\ComboBoxRenderer.hpp">
      <Filter>Header Files</Filter>
    </ClInclude>
    <ClInclude Include="TGUI\Renderers\EditBoxRenderer.hpp">
      <Filter>Header Files</Filter>
    </ClInclude>
    <ClInclude Include="TGUI\Renderers\FileDialogRenderer.hpp">
      <Filter>Header Files</Filter>
    </ClInclude>
    <ClInclude Include="TGUI\Renderers\GroupRenderer.hpp">
      <Filter>Header Files</Filter>
    </ClInclude>
    <ClInclude Include="TGUI\Renderers\KnobRenderer.hpp">
      <Filter>Header Files</Filter>
    </ClInclude>
    <ClInclude Include="TGUI\Renderers\LabelRenderer.hpp">
      <Filter>Header Files</Filter>
    </ClInclude>
    <ClInclude Include="TGUI\Renderers\ListBoxRenderer.hpp">
      <Filter>Header Files</Filter>
    </ClInclude>
    <ClInclude Include="TGUI\Renderers\ListViewRenderer.hpp">
      <Filter>Header Files</Filter>
    </ClInclude>
    <ClInclude Include="TGUI\Renderers\MenuBarRenderer.hpp">
      <Filter>Header Files</Filter>
    </ClInclude>
    <ClInclude Include="TGUI\Renderers\MessageBoxRenderer.hpp">
      <Filter>Header Files</Filter>
    </ClInclude>
    <ClInclude Include="TGUI\Renderers\PanelRenderer.hpp">
      <Filter>Header Files</Filter>
    </ClInclude>
    <ClInclude Include="TGUI\Renderers\PictureRenderer.hpp">
      <Filter>Header Files</Filter>
    </ClInclude>
    <ClInclude Include="TGUI\Renderers\ProgressBarRenderer.hpp">
      <Filter>Header Files</Filter>
    </ClInclude>
    <ClInclude Include="TGUI\Renderers\RadioButtonRenderer.hpp">
      <Filter>Header Files</Filter>
    </ClInclude>
    <ClInclude Include="TGUI\Renderers\RangeSliderRenderer.hpp">
      <Filter>Header Files</Filter>
    </ClInclude>
    <ClInclude Include="TGUI\Renderers\ScrollablePanelRenderer.hpp">
      <Filter>Header Files</Filter>
    </ClInclude>
    <ClInclude Include="TGUI\Renderers\ScrollbarRenderer.hpp">
      <Filter>Header Files</Filter>
    </ClInclude>
    <ClInclude Include="TGUI\Renderers\SeparatorLineRenderer.hpp">
      <Filter>Header Files</Filter>
    </ClInclude>
    <ClInclude Include="TGUI\Renderers\SliderRenderer.hpp">
      <Filter>Header Files</Filter>
    </ClInclude>
    <ClInclude Include="TGUI\Renderers\SpinButtonRenderer.hpp">
      <Filter>Header Files</Filter>
    </ClInclude>
    <ClInclude Include="TGUI\Renderers\TabsRenderer.hpp">
      <Filter>Header Files</Filter>
    </ClInclude>
    <ClInclude Include="TGUI\Renderers\TextAreaRenderer.hpp">
      <Filter>Header Files</Filter>
    </ClInclude>
    <ClInclude Include="TGUI\Renderers\TextBoxRenderer.hpp">
      <Filter>Header Files</Filter>
    </ClInclude>
    <ClInclude Include="TGUI\Renderers\TreeViewRenderer.hpp">
      <Filter>Header Files</Filter>
    </ClInclude>
    <ClInclude Include="TGUI\Renderers\WidgetRenderer.hpp">
      <Filter>Header Files</Filter>
    </ClInclude>
    <ClInclude Include="TGUI\Widgets\BitmapButton.hpp">
      <Filter>Header Files</Filter>
    </ClInclude>
    <ClInclude Include="TGUI\Widgets\BoxLayout.hpp">
      <Filter>Header Files</Filter>
    </ClInclude>
    <ClInclude Include="TGUI\Widgets\BoxLayoutRatios.hpp">
      <Filter>Header Files</Filter>
    </ClInclude>
    <ClInclude Include="TGUI\Widgets\Button.hpp">
      <Filter>Header Files</Filter>
    </ClInclude>
    <ClInclude Include="TGUI\Widgets\ButtonBase.hpp">
      <Filter>Header Files</Filter>
    </ClInclude>
    <ClInclude Include="TGUI\Widgets\Canvas.hpp">
      <Filter>Header Files</Filter>
    </ClInclude>
    <ClInclude Include="TGUI\Widgets\ChatBox.hpp">
      <Filter>Header Files</Filter>
    </ClInclude>
    <ClInclude Include="TGUI\Widgets\CheckBox.hpp">
      <Filter>Header Files</Filter>
    </ClInclude>
    <ClInclude Include="TGUI\Widgets\ChildWindow.hpp">
      <Filter>Header Files</Filter>
    </ClInclude>
    <ClInclude Include="TGUI\Widgets\ClickableWidget.hpp">
      <Filter>Header Files</Filter>
    </ClInclude>
    <ClInclude Include="TGUI\Widgets\ColorPicker.hpp">
      <Filter>Header Files</Filter>
    </ClInclude>
    <ClInclude Include="TGUI\Widgets\ComboBox.hpp">
      <Filter>Header Files</Filter>
    </ClInclude>
    <ClInclude Include="TGUI\Widgets\EditBox.hpp">
      <Filter>Header Files</Filter>
    </ClInclude>
    <ClInclude Include="TGUI\Widgets\FileDialog.hpp">
      <Filter>Header Files</Filter>
    </ClInclude>
    <ClInclude Include="TGUI\Widgets\Grid.hpp">
      <Filter>Header Files</Filter>
    </ClInclude>
    <ClInclude Include="TGUI\Widgets\Group.hpp">
      <Filter>Header Files</Filter>
    </ClInclude>
    <ClInclude Include="TGUI\Widgets\HorizontalLayout.hpp">
      <Filter>Header Files</Filter>
    </ClInclude>
    <ClInclude Include="TGUI\Widgets\HorizontalWrap.hpp">
      <Filter>Header Files</Filter>
    </ClInclude>
    <ClInclude Include="TGUI\Widgets\Knob.hpp">
      <Filter>Header Files</Filter>
    </ClInclude>
    <ClInclude Include="TGUI\Widgets\Label.hpp">
      <Filter>Header Files</Filter>
    </ClInclude>
    <ClInclude Include="TGUI\Widgets\ListBox.hpp">
      <Filter>Header Files</Filter>
    </ClInclude>
    <ClInclude Include="TGUI\Widgets\ListView.hpp">
      <Filter>Header Files</Filter>
    </ClInclude>
    <ClInclude Include="TGUI\Widgets\MenuBar.hpp">
      <Filter>Header Files</Filter>
    </ClInclude>
    <ClInclude Include="TGUI\Widgets\MessageBox.hpp">
      <Filter>Header Files</Filter>
    </ClInclude>
    <ClInclude Include="TGUI\Widgets\Panel.hpp">
      <Filter>Header Files</Filter>
    </ClInclude>
    <ClInclude Include="TGUI\Widgets\Picture.hpp">
      <Filter>Header Files</Filter>
    </ClInclude>
    <ClInclude Include="TGUI\Widgets\ProgressBar.hpp">
      <Filter>Header Files</Filter>
    </ClInclude>
    <ClInclude Include="TGUI\Widgets\RadioButton.hpp">
      <Filter>Header Files</Filter>
    </ClInclude>
    <ClInclude Include="TGUI\Widgets\RadioButtonGroup.hpp">
      <Filter>Header Files</Filter>
    </ClInclude>
    <ClInclude Include="TGUI\Widgets\RangeSlider.hpp">
      <Filter>Header Files</Filter>
    </ClInclude>
    <ClInclude Include="TGUI\Widgets\ScrollablePanel.hpp">
      <Filter>Header Files</Filter>
    </ClInclude>
    <ClInclude Include="TGUI\Widgets\Scrollbar.hpp">
      <Filter>Header Files</Filter>
    </ClInclude>
    <ClInclude Include="TGUI\Widgets\SeparatorLine.hpp">
      <Filter>Header Files</Filter>
    </ClInclude>
    <ClInclude Include="TGUI\Widgets\Slider.hpp">
      <Filter>Header Files</Filter>
    </ClInclude>
    <ClInclude Include="TGUI\Widgets\SpinButton.hpp">
      <Filter>Header Files</Filter>
    </ClInclude>
    <ClInclude Include="TGUI\Widgets\SpinControl.hpp">
      <Filter>Header Files</Filter>
    </ClInclude>
    <ClInclude Include="TGUI\Widgets\TabContainer.hpp">
      <Filter>Header Files</Filter>
    </ClInclude>
    <ClInclude Include="TGUI\Widgets\Tabs.hpp">
      <Filter>Header Files</Filter>
    </ClInclude>
    <ClInclude Include="TGUI\Widgets\TextArea.hpp">
      <Filter>Header Files</Filter>
    </ClInclude>
    <ClInclude Include="TGUI\Widgets\ToggleButton.hpp">
      <Filter>Header Files</Filter>
    </ClInclude>
    <ClInclude Include="TGUI\Widgets\TreeView.hpp">
      <Filter>Header Files</Filter>
    </ClInclude>
    <ClInclude Include="TGUI\Widgets\VerticalLayout.hpp">
      <Filter>Header Files</Filter>
    </ClInclude>
    <ClInclude Include="TGUI\AbsoluteOrRelativeValue.hpp">
      <Filter>Header Files</Filter>
    </ClInclude>
    <ClInclude Include="TGUI\AllWidgets.hpp">
      <Filter>Header Files</Filter>
    </ClInclude>
    <ClInclude Include="TGUI\Animation.hpp">
      <Filter>Header Files</Filter>
    </ClInclude>
    <ClInclude Include="TGUI\Any.hpp">
      <Filter>Header Files</Filter>
    </ClInclude>
    <ClInclude Include="TGUI\Backend.hpp">
      <Filter>Header Files</Filter>
    </ClInclude>
    <ClInclude Include="TGUI\BackendFont.hpp">
      <Filter>Header Files</Filter>
    </ClInclude>
    <ClInclude Include="TGUI\BackendRenderTarget.hpp">
      <Filter>Header Files</Filter>
    </ClInclude>
    <ClInclude Include="TGUI\BackendText.hpp">
      <Filter>Header Files</Filter>
    </ClInclude>
    <ClInclude Include="TGUI\BackendTexture.hpp">
      <Filter>Header Files</Filter>
    </ClInclude>
    <ClInclude Include="TGUI\Color.hpp">
      <Filter>Header Files</Filter>
    </ClInclude>
    <ClInclude Include="TGUI\Components.hpp">
      <Filter>Header Files</Filter>
    </ClInclude>
    <ClInclude Include="TGUI\Container.hpp">
      <Filter>Header Files</Filter>
    </ClInclude>
    <ClInclude Include="TGUI\CopiedSharedPtr.hpp">
      <Filter>Header Files</Filter>
    </ClInclude>
    <ClInclude Include="TGUI\Core.hpp">
      <Filter>Header Files</Filter>
    </ClInclude>
    <ClInclude Include="TGUI\Cursor.hpp">
      <Filter>Header Files</Filter>
    </ClInclude>
    <ClInclude Include="TGUI\CustomWidgetForBindings.hpp">
      <Filter>Header Files</Filter>
    </ClInclude>
    <ClInclude Include="TGUI\DefaultBackendWindow.hpp">
      <Filter>Header Files</Filter>
    </ClInclude>
    <ClInclude Include="TGUI\DefaultFont.hpp">
      <Filter>Header Files</Filter>
    </ClInclude>
    <ClInclude Include="TGUI\Duration.hpp">
      <Filter>Header Files</Filter>
    </ClInclude>
    <ClInclude Include="TGUI\Event.hpp">
      <Filter>Header Files</Filter>
    </ClInclude>
    <ClInclude Include="TGUI\Exception.hpp">
      <Filter>Header Files</Filter>
    </ClInclude>
    <ClInclude Include="TGUI\FileDialogIconLoader.hpp">
      <Filter>Header Files</Filter>
    </ClInclude>
    <ClInclude Include="TGUI\Filesystem.hpp">
      <Filter>Header Files</Filter>
    </ClInclude>
    <ClInclude Include="TGUI\Font.hpp">
      <Filter>Header Files</Filter>
    </ClInclude>
    <ClInclude Include="TGUI\Global.hpp">
      <Filter>Header Files</Filter>
    </ClInclude>
    <ClInclude Include="TGUI\GuiBase.hpp">
      <Filter>Header Files</Filter>
    </ClInclude>
    <ClInclude Include="TGUI\Keyboard.hpp">
      <Filter>Header Files</Filter>
    </ClInclude>
    <ClInclude Include="TGUI\Layout.hpp">
      <Filter>Header Files</Filter>
    </ClInclude>
    <ClInclude Include="TGUI\ObjectConverter.hpp">
      <Filter>Header Files</Filter>
    </ClInclude>
    <ClInclude Include="TGUI\OpenGL.hpp">
      <Filter>Header Files</Filter>
    </ClInclude>
    <ClInclude Include="TGUI\Optional.hpp">
      <Filter>Header Files</Filter>
    </ClInclude>
    <ClInclude Include="TGUI\Outline.hpp">
      <Filter>Header Files</Filter>
    </ClInclude>
    <ClInclude Include="TGUI\Rect.hpp">
      <Filter>Header Files</Filter>
    </ClInclude>
    <ClInclude Include="TGUI\RelFloatRect.hpp">
      <Filter>Header Files</Filter>
    </ClInclude>
    <ClInclude Include="TGUI\RendererDefines.hpp">
      <Filter>Header Files</Filter>
    </ClInclude>
    <ClInclude Include="TGUI\RenderStates.hpp">
      <Filter>Header Files</Filter>
    </ClInclude>
    <ClInclude Include="TGUI\Signal.hpp">
      <Filter>Header Files</Filter>
    </ClInclude>
    <ClInclude Include="TGUI\SignalManager.hpp">
      <Filter>Header Files</Filter>
    </ClInclude>
    <ClInclude Include="TGUI\Sprite.hpp">
      <Filter>Header Files</Filter>
    </ClInclude>
    <ClInclude Include="TGUI\String.hpp">
      <Filter>Header Files</Filter>
    </ClInclude>
    <ClInclude Include="TGUI\SubwidgetContainer.hpp">
      <Filter>Header Files</Filter>
    </ClInclude>
    <ClInclude Include="TGUI\SvgImage.hpp">
      <Filter>Header Files</Filter>
    </ClInclude>
    <ClInclude Include="TGUI\Text.hpp">
      <Filter>Header Files</Filter>
    </ClInclude>
    <ClInclude Include="TGUI\TextStyle.hpp">
      <Filter>Header Files</Filter>
    </ClInclude>
    <ClInclude Include="TGUI\Texture.hpp">
      <Filter>Header Files</Filter>
    </ClInclude>
    <ClInclude Include="TGUI\TextureData.hpp">
      <Filter>Header Files</Filter>
    </ClInclude>
    <ClInclude Include="TGUI\TextureManager.hpp">
      <Filter>Header Files</Filter>
    </ClInclude>
    <ClInclude Include="TGUI\TGUI.hpp">
      <Filter>Header Files</Filter>
    </ClInclude>
    <ClInclude Include="TGUI\Timer.hpp">
      <Filter>Header Files</Filter>
    </ClInclude>
    <ClInclude Include="TGUI\ToolTip.hpp">
      <Filter>Header Files</Filter>
    </ClInclude>
    <ClInclude Include="TGUI\Transform.hpp">
      <Filter>Header Files</Filter>
    </ClInclude>
    <ClInclude Include="TGUI\Utf.hpp">
      <Filter>Header Files</Filter>
    </ClInclude>
    <ClInclude Include="TGUI\Variant.hpp">
      <Filter>Header Files</Filter>
    </ClInclude>
    <ClInclude Include="TGUI\Vector2.hpp">
      <Filter>Header Files</Filter>
    </ClInclude>
    <ClInclude Include="TGUI\Vertex.hpp">
      <Filter>Header Files</Filter>
    </ClInclude>
    <ClInclude Include="TGUI\Widget.hpp">
      <Filter>Header Files</Filter>
    </ClInclude>
    <ClInclude Include="TGUI\WindowsInclude.hpp">
      <Filter>Header Files</Filter>
    </ClInclude>
  </ItemGroup>
  <ItemGroup>
    <Image Include="icon.ico">
      <Filter>Resource Files</Filter>
    </Image>
  </ItemGroup>
  <ItemGroup>
    <ResourceCompile Include="Client.rc">
      <Filter>Resource Files</Filter>
    </ResourceCompile>
  </ItemGroup>
  <ItemGroup>
    <None Include="Gui\Utils\ItemBox.inl">
      <Filter>Header Files</Filter>
    </None>
    <None Include="Gui\ComboBox.inl">
      <Filter>Header Files</Filter>
    </None>
    <None Include="Gui\OptionsBox.inl">
      <Filter>Header Files</Filter>
    </None>
    <None Include="TGUI\extlibs\Aurora\Dispatch\Detail\DoubleDispatcher.inl">
      <Filter>Header Files</Filter>
    </None>
    <None Include="TGUI\extlibs\Aurora\Dispatch\Detail\SingleDispatcher.inl">
      <Filter>Header Files</Filter>
    </None>
  </ItemGroup>
</Project>